
Microsoft Visual Studio Solution File, Format Version 12.00
# Visual Studio Version 16
VisualStudioVersion = 16.0.31702.278
MinimumVisualStudioVersion = 10.0.40219.1
Project("{FAE04EC0-301F-11D3-BF4B-00C04F79EFBC}") = "ServerUI", "ServerUI\ServerUI.csproj", "{C268FC87-31E2-4C90-A567-520BDBCB379B}"
EndProject
Project("{FAE04EC0-301F-11D3-BF4B-00C04F79EFBC}") = "ServerLibrary", "ServerLibrary\ServerLibrary.csproj", "{B22F3ECE-AEDD-4D6D-85AB-6137DD40CA16}"
EndProject
Global
	GlobalSection(SolutionConfigurationPlatforms) = preSolution
		Debug|Any CPU = Debug|Any CPU
		Release|Any CPU = Release|Any CPU
	EndGlobalSection
	GlobalSection(ProjectConfigurationPlatforms) = postSolution
		{C268FC87-31E2-4C90-A567-520BDBCB379B}.Debug|Any CPU.ActiveCfg = Debug|Any CPU
		{C268FC87-31E2-4C90-A567-520BDBCB379B}.Debug|Any CPU.Build.0 = Debug|Any CPU
		{C268FC87-31E2-4C90-A567-520BDBCB379B}.Release|Any CPU.ActiveCfg = Release|Any CPU
		{C268FC87-31E2-4C90-A567-520BDBCB379B}.Release|Any CPU.Build.0 = Release|Any CPU
		{B22F3ECE-AEDD-4D6D-85AB-6137DD40CA16}.Debug|Any CPU.ActiveCfg = Debug|Any CPU
		{B22F3ECE-AEDD-4D6D-85AB-6137DD40CA16}.Debug|Any CPU.Build.0 = Debug|Any CPU
		{B22F3ECE-AEDD-4D6D-85AB-6137DD40CA16}.Release|Any CPU.ActiveCfg = Release|Any CPU
		{B22F3ECE-AEDD-4D6D-85AB-6137DD40CA16}.Release|Any CPU.Build.0 = Release|Any CPU
	EndGlobalSection
	GlobalSection(SolutionProperties) = preSolution
		HideSolutionNode = FALSE
	EndGlobalSection
	GlobalSection(ExtensibilityGlobals) = postSolution
		SolutionGuid = {1D0E65D0-9792-4D2D-B9A7-F31D4217FE26}
	EndGlobalSection
EndGlobal
