
Microsoft Visual Studio Solution File, Format Version 12.00
# Visual Studio Version 16
VisualStudioVersion = 16.0.31605.320
MinimumVisualStudioVersion = 10.0.40219.1
Project("{FAE04EC0-301F-11D3-BF4B-00C04F79EFBC}") = "View", "View\View.csproj", "{9AA8A669-2071-4B73-97D2-6FD1D4D50204}"
EndProject
Global
	GlobalSection(SolutionConfigurationPlatforms) = preSolution
		Debug|Any CPU = Debug|Any CPU
		Release|Any CPU = Release|Any CPU
	EndGlobalSection
	GlobalSection(ProjectConfigurationPlatforms) = postSolution
		{9AA8A669-2071-4B73-97D2-6FD1D4D50204}.Debug|Any CPU.ActiveCfg = Debug|Any CPU
		{9AA8A669-2071-4B73-97D2-6FD1D4D50204}.Debug|Any CPU.Build.0 = Debug|Any CPU
		{9AA8A669-2071-4B73-97D2-6FD1D4D50204}.Release|Any CPU.ActiveCfg = Release|Any CPU
		{9AA8A669-2071-4B73-97D2-6FD1D4D50204}.Release|Any CPU.Build.0 = Release|Any CPU
	EndGlobalSection
	GlobalSection(SolutionProperties) = preSolution
		HideSolutionNode = FALSE
	EndGlobalSection
	GlobalSection(ExtensibilityGlobals) = postSolution
		SolutionGuid = {5F86753C-94E4-44EC-9D92-55E6F3156073}
	EndGlobalSection
EndGlobal
